version = 1
revision = 2
requires-python = ">=3.11"

[[package]]
name = "click"
version = "8.3.0"
source = { registry = "https://pypi.org/simple" }
dependencies = [
    { name = "colorama", marker = "sys_platform == 'win32'" },
]
sdist = { url = "https://files.pythonhosted.org/packages/46/61/de6cd827efad202d7057d93e0fed9294b96952e188f7384832791c7b2254/click-8.3.0.tar.gz", hash = "sha256:e7b8232224eba16f4ebe410c25ced9f7875cb5f3263ffc93cc3e8da705e229c4", size = 276943, upload-time = "2025-09-18T17:32:23.696Z" }
wheels = [
    { url = "https://files.pythonhosted.org/packages/db/d3/9dcc0f5797f070ec8edf30fbadfb200e71d9db6b84d211e3b2085a7589a0/click-8.3.0-py3-none-any.whl", hash = "sha256:9b9f285302c6e3064f4330c05f05b81945b2a39544279343e6e7c5f27a9baddc", size = 107295, upload-time = "2025-09-18T17:32:22.42Z" },
]

[[package]]
name = "colorama"
version = "0.4.6"
source = { registry = "https://pypi.org/simple" }
sdist = { url = "https://files.pythonhosted.org/packages/d8/53/6f443c9a4a8358a93a6792e2acffb9d9d5cb0a5cfd8802644b7b1c9a02e4/colorama-0.4.6.tar.gz", hash = "sha256:08695f5cb7ed6e0531a20572697297273c47b8cae5a63ffc6d6ed5c201be6e44", size = 27697, upload-time = "2022-10-25T02:36:22.414Z" }
wheels = [
    { url = "https://files.pythonhosted.org/packages/d1/d6/3965ed04c63042e047cb6a3e6ed1a63a35087b6a609aa3a15ed8ac56c221/colorama-0.4.6-py2.py3-none-any.whl", hash = "sha256:4f1d9991f5acc0ca119f9d443620b77f9d6b33703e51011c16baf57afb285fc6", size = 25335, upload-time = "2022-10-25T02:36:20.889Z" },
]

[[package]]
name = "deprecated"
version = "1.2.18"
source = { registry = "https://pypi.org/simple" }
dependencies = [
    { name = "wrapt" },
]
sdist = { url = "https://files.pythonhosted.org/packages/98/97/06afe62762c9a8a86af0cfb7bfdab22a43ad17138b07af5b1a58442690a2/deprecated-1.2.18.tar.gz", hash = "sha256:422b6f6d859da6f2ef57857761bfb392480502a64c3028ca9bbe86085d72115d", size = 2928744, upload-time = "2025-01-27T10:46:25.7Z" }
wheels = [
    { url = "https://files.pythonhosted.org/packages/6e/c6/ac0b6c1e2d138f1002bcf799d330bd6d85084fece321e662a14223794041/Deprecated-1.2.18-py2.py3-none-any.whl", hash = "sha256:bd5011788200372a32418f888e326a09ff80d0214bd961147cfed01b5c018eec", size = 9998, upload-time = "2025-01-27T10:46:09.186Z" },
]

[[package]]
name = "duckdb"
version = "1.4.0"
source = { registry = "https://pypi.org/simple" }
sdist = { url = "https://files.pythonhosted.org/packages/82/93/adc0d183642fc9a602ca9b97cb16754c84b8c1d92e5b99aec412e0c419a8/duckdb-1.4.0.tar.gz", hash = "sha256:bd5edee8bd5a73b5822f2b390668597b5fcdc2d3292c244d8d933bb87ad6ac4c", size = 18453175, upload-time = "2025-09-16T10:22:41.509Z" }
wheels = [
    { url = "https://files.pythonhosted.org/packages/60/e9/b29cc5bceac52e049b20d613551a2171a092df07f26d4315f3f9651c80d4/duckdb-1.4.0-cp311-cp311-macosx_10_9_universal2.whl", hash = "sha256:6505fed1ccae8df9f574e744c48fa32ee2feaeebe5346c2daf4d4d10a8dac5aa", size = 31290878, upload-time = "2025-09-16T10:21:43.256Z" },
    { url = "https://files.pythonhosted.org/packages/1f/68/d88a15dba48bf6a4b33f1be5097ef45c83f7b9e97c854cc638a85bb07d70/duckdb-1.4.0-cp311-cp311-macosx_10_9_x86_64.whl", hash = "sha256:36974a04b29c74ac2143457e95420a7422016d050e28573060b89a90b9cf2b57", size = 17288823, upload-time = "2025-09-16T10:21:45.716Z" },
    { url = "https://files.pythonhosted.org/packages/8c/7e/e3d2101dc6bbd60f2b3c1d748351ff541fc8c48790ac1218c0199cb930f6/duckdb-1.4.0-cp311-cp311-macosx_11_0_arm64.whl", hash = "sha256:90484b896e5059f145d1facfabea38e22c54a2dcc2bd62dd6c290423f0aee258", size = 14819684, upload-time = "2025-09-16T10:21:48.117Z" },
    { url = "https://files.pythonhosted.org/packages/c4/bb/4ec8e4d03cb5b77d75b9ee0057c2c714cffaa9bda1e55ffec833458af0a3/duckdb-1.4.0-cp311-cp311-manylinux_2_27_aarch64.manylinux_2_28_aarch64.whl", hash = "sha256:a969d624b385853b31a43b0a23089683297da2f14846243921c6dbec8382d659", size = 18410075, upload-time = "2025-09-16T10:21:50.517Z" },
    { url = "https://files.pythonhosted.org/packages/ec/21/e896616d892d50dc1e0c142428e9359b483d4dd6e339231d822e57834ad3/duckdb-1.4.0-cp311-cp311-manylinux_2_27_x86_64.manylinux_2_28_x86_64.whl", hash = "sha256:5935644f96a75e9f6f3c3eeb3da14cdcaf7bad14d1199c08439103decb29466a", size = 20402984, upload-time = "2025-09-16T10:21:52.808Z" },
    { url = "https://files.pythonhosted.org/packages/c4/c0/b5eb9497e4a9167d23fbad745969eaa36e28d346648e17565471892d1b33/duckdb-1.4.0-cp311-cp311-win_amd64.whl", hash = "sha256:300aa0e963af97969c38440877fffd576fc1f49c1f5914789a9d01f2fe7def91", size = 12282971, upload-time = "2025-09-16T10:21:55.314Z" },
    { url = "https://files.pythonhosted.org/packages/e8/6d/0c774d6af1aed82dbe855d266cb000a1c09ea31ed7d6c3a79e2167a38e7a/duckdb-1.4.0-cp312-cp312-macosx_10_13_universal2.whl", hash = "sha256:18b3a048fca6cc7bafe08b10e1b0ab1509d7a0381ffb2c70359e7dc56d8a705d", size = 31307425, upload-time = "2025-09-16T10:21:57.83Z" },
    { url = "https://files.pythonhosted.org/packages/d3/c0/1fd7b7b2c0c53d8d748d2f28ea9096df5ee9dc39fa736cca68acabe69656/duckdb-1.4.0-cp312-cp312-macosx_10_13_x86_64.whl", hash = "sha256:2c1271cb85aeacccfd0b1284e816280a7450df1dd4dd85ccb2848563cfdf90e9", size = 17295727, upload-time = "2025-09-16T10:22:02.242Z" },
    { url = "https://files.pythonhosted.org/packages/98/d3/4d4c4bd667b7ada5f6c207c2f127591ebb8468333f207f8f10ff0532578e/duckdb-1.4.0-cp312-cp312-macosx_11_0_arm64.whl", hash = "sha256:55064dd2e25711eeaa6a72c25405bdd7994c81a3221657e94309a2faf65d25a6", size = 14826879, upload-time = "2025-09-16T10:22:05.162Z" },
    { url = "https://files.pythonhosted.org/packages/b0/48/e0c1b97d76fb7567c53db5739931323238fad54a642707008104f501db37/duckdb-1.4.0-cp312-cp312-manylinux_2_27_aarch64.manylinux_2_28_aarch64.whl", hash = "sha256:0536d7c81bc506532daccf373ddbc8c6add46aeb70ef3cd5ee70ad5c2b3165ea", size = 18417856, upload-time = "2025-09-16T10:22:07.919Z" },
    { url = "https://files.pythonhosted.org/packages/12/78/297b838f3b9511589badc8f472f70b31cf3bbf9eb99fa0a4d6e911d3114a/duckdb-1.4.0-cp312-cp312-manylinux_2_27_x86_64.manylinux_2_28_x86_64.whl", hash = "sha256:784554e3ddfcfc5c5c7b1aa1f9925fedb7938f6628729adba48f7ea37554598f", size = 20427154, upload-time = "2025-09-16T10:22:10.216Z" },
    { url = "https://files.pythonhosted.org/packages/ea/57/500d251b886494f6c52d56eeab8a1860572ee62aed05d7d50c71ba2320f3/duckdb-1.4.0-cp312-cp312-win_amd64.whl", hash = "sha256:c5d2aa4d6981f525ada95e6db41bb929403632bb5ff24bd6d6dd551662b1b613", size = 12290108, upload-time = "2025-09-16T10:22:12.668Z" },
    { url = "https://files.pythonhosted.org/packages/2f/64/ee22b2b8572746e1523143b9f28d606575782e0204de5020656a1d15dd14/duckdb-1.4.0-cp313-cp313-macosx_10_13_universal2.whl", hash = "sha256:1d94d010a09b1a62d9021a2a71cf266188750f3c9b1912ccd6afe104a6ce8010", size = 31307662, upload-time = "2025-09-16T10:22:14.9Z" },
    { url = "https://files.pythonhosted.org/packages/76/2e/4241cd00046ca6b781bd1d9002e8223af061e85d1cc21830aa63e7a7db7c/duckdb-1.4.0-cp313-cp313-macosx_10_13_x86_64.whl", hash = "sha256:c61756fa8b3374627e5fa964b8e0d5b58e364dce59b87dba7fb7bc6ede196b26", size = 17295617, upload-time = "2025-09-16T10:22:17.239Z" },
    { url = "https://files.pythonhosted.org/packages/f7/98/5ab136bc7b12ac18580350a220db7c00606be9eac2d89de259cce733f64c/duckdb-1.4.0-cp313-cp313-macosx_11_0_arm64.whl", hash = "sha256:e70d7d9881ea2c0836695de70ea68c970e18a2856ba3d6502e276c85bd414ae7", size = 14826727, upload-time = "2025-09-16T10:22:19.415Z" },
    { url = "https://files.pythonhosted.org/packages/23/32/57866cf8881288b3dfb9212720221fb890daaa534dbdc6fe3fff3979ecd1/duckdb-1.4.0-cp313-cp313-manylinux_2_27_aarch64.manylinux_2_28_aarch64.whl", hash = "sha256:2de258a93435c977a0ec3a74ec8f60c2f215ddc73d427ee49adc4119558facd3", size = 18421289, upload-time = "2025-09-16T10:22:21.564Z" },
    { url = "https://files.pythonhosted.org/packages/a0/83/7438fb43be451a7d4a04650aaaf662b2ff2d95895bbffe3e0e28cbe030c9/duckdb-1.4.0-cp313-cp313-manylinux_2_27_x86_64.manylinux_2_28_x86_64.whl", hash = "sha256:a6d3659641d517dd9ed1ab66f110cdbdaa6900106f116effaf2dbedd83c38de3", size = 20426547, upload-time = "2025-09-16T10:22:23.759Z" },
    { url = "https://files.pythonhosted.org/packages/21/b2/98fb89ae81611855f35984e96f648d871f3967bb3f524b51d1372d052f0c/duckdb-1.4.0-cp313-cp313-win_amd64.whl", hash = "sha256:07fcc612ea5f0fe6032b92bcc93693034eb00e7a23eb9146576911d5326af4f7", size = 12290467, upload-time = "2025-09-16T10:22:25.923Z" },
]

[[package]]
name = "iniconfig"
version = "2.1.0"
source = { registry = "https://pypi.org/simple" }
sdist = { url = "https://files.pythonhosted.org/packages/f2/97/ebf4da567aa6827c909642694d71c9fcf53e5b504f2d96afea02718862f3/iniconfig-2.1.0.tar.gz", hash = "sha256:3abbd2e30b36733fee78f9c7f7308f2d0050e88f0087fd25c2645f63c773e1c7", size = 4793, upload-time = "2025-03-19T20:09:59.721Z" }
wheels = [
    { url = "https://files.pythonhosted.org/packages/2c/e1/e6716421ea10d38022b952c159d5161ca1193197fb744506875fbb87ea7b/iniconfig-2.1.0-py3-none-any.whl", hash = "sha256:9deba5723312380e77435581c6bf4935c94cbfab9b1ed33ef8d238ea168eb760", size = 6050, upload-time = "2025-03-19T20:10:01.071Z" },
]

[[package]]
name = "networkx"
version = "3.5"
source = { registry = "https://pypi.org/simple" }
sdist = { url = "https://files.pythonhosted.org/packages/6c/4f/ccdb8ad3a38e583f214547fd2f7ff1fc160c43a75af88e6aec213404b96a/networkx-3.5.tar.gz", hash = "sha256:d4c6f9cf81f52d69230866796b82afbccdec3db7ae4fbd1b65ea750feed50037", size = 2471065, upload-time = "2025-05-29T11:35:07.804Z" }
wheels = [
    { url = "https://files.pythonhosted.org/packages/eb/8d/776adee7bbf76365fdd7f2552710282c79a4ead5d2a46408c9043a2b70ba/networkx-3.5-py3-none-any.whl", hash = "sha256:0030d386a9a06dee3565298b4a734b68589749a544acbb6c412dc9e2489ec6ec", size = 2034406, upload-time = "2025-05-29T11:35:04.961Z" },
]

[[package]]
name = "packaging"
version = "25.0"
source = { registry = "https://pypi.org/simple" }
sdist = { url = "https://files.pythonhosted.org/packages/a1/d4/1fc4078c65507b51b96ca8f8c3ba19e6a61c8253c72794544580a7b6c24d/packaging-25.0.tar.gz", hash = "sha256:d443872c98d677bf60f6a1f2f8c1cb748e8fe762d2bf9d3148b5599295b0fc4f", size = 165727, upload-time = "2025-04-19T11:48:59.673Z" }
wheels = [
    { url = "https://files.pythonhosted.org/packages/20/12/38679034af332785aac8774540895e234f4d07f7545804097de4b666afd8/packaging-25.0-py3-none-any.whl", hash = "sha256:29572ef2b1f17581046b3a2227d5c611fb25ec70ca1ba8554b24b0e69331a484", size = 66469, upload-time = "2025-04-19T11:48:57.875Z" },
]

[[package]]
name = "pluggy"
version = "1.6.0"
source = { registry = "https://pypi.org/simple" }
sdist = { url = "https://files.pythonhosted.org/packages/f9/e2/3e91f31a7d2b083fe6ef3fa267035b518369d9511ffab804f839851d2779/pluggy-1.6.0.tar.gz", hash = "sha256:7dcc130b76258d33b90f61b658791dede3486c3e6bfb003ee5c9bfb396dd22f3", size = 69412, upload-time = "2025-05-15T12:30:07.975Z" }
wheels = [
    { url = "https://files.pythonhosted.org/packages/54/20/4d324d65cc6d9205fabedc306948156824eb9f0ee1633355a8f7ec5c66bf/pluggy-1.6.0-py3-none-any.whl", hash = "sha256:e920276dd6813095e9377c0bc5566d94c932c33b27a3e3945d8389c374dd4746", size = 20538, upload-time = "2025-05-15T12:30:06.134Z" },
]

[[package]]
name = "pygments"
version = "2.19.2"
source = { registry = "https://pypi.org/simple" }
sdist = { url = "https://files.pythonhosted.org/packages/b0/77/a5b8c569bf593b0140bde72ea885a803b82086995367bf2037de0159d924/pygments-2.19.2.tar.gz", hash = "sha256:636cb2477cec7f8952536970bc533bc43743542f70392ae026374600add5b887", size = 4968631, upload-time = "2025-06-21T13:39:12.283Z" }
wheels = [
    { url = "https://files.pythonhosted.org/packages/c7/21/705964c7812476f378728bdf590ca4b771ec72385c533964653c68e86bdc/pygments-2.19.2-py3-none-any.whl", hash = "sha256:86540386c03d588bb81d44bc3928634ff26449851e99741617ecb9037ee5ec0b", size = 1225217, upload-time = "2025-06-21T13:39:07.939Z" },
]

[[package]]
name = "pytest"
version = "8.4.2"
source = { registry = "https://pypi.org/simple" }
dependencies = [
    { name = "colorama", marker = "sys_platform == 'win32'" },
    { name = "iniconfig" },
    { name = "packaging" },
    { name = "pluggy" },
    { name = "pygments" },
]
sdist = { url = "https://files.pythonhosted.org/packages/a3/5c/00a0e072241553e1a7496d638deababa67c5058571567b92a7eaa258397c/pytest-8.4.2.tar.gz", hash = "sha256:86c0d0b93306b961d58d62a4db4879f27fe25513d4b969df351abdddb3c30e01", size = 1519618, upload-time = "2025-09-04T14:34:22.711Z" }
wheels = [
    { url = "https://files.pythonhosted.org/packages/a8/a4/20da314d277121d6534b3a980b29035dcd51e6744bd79075a6ce8fa4eb8d/pytest-8.4.2-py3-none-any.whl", hash = "sha256:872f880de3fc3a5bdc88a11b39c9710c3497a547cfa9320bc3c5e62fbf272e79", size = 365750, upload-time = "2025-09-04T14:34:20.226Z" },
]

[[package]]
name = "routing-data"
version = "0.1.0"
source = { virtual = "." }
dependencies = [
    { name = "click" },
    { name = "deprecated" },
    { name = "duckdb" },
    { name = "networkx" },
    { name = "pytest" },
    { name = "tabulate" },
]

[package.metadata]
requires-dist = [
    { name = "click", specifier = ">=8.3.0" },
    { name = "deprecated", specifier = ">=1.2.18" },
    { name = "duckdb", specifier = ">=1.4.0" },
    { name = "networkx", specifier = ">=3.5" },
    { name = "pytest", specifier = ">=8.4.2" },
    { name = "tabulate", specifier = ">=0.9.0" },
]

[[package]]
name = "tabulate"
version = "0.9.0"
source = { registry = "https://pypi.org/simple" }
sdist = { url = "https://files.pythonhosted.org/packages/ec/fe/802052aecb21e3797b8f7902564ab6ea0d60ff8ca23952079064155d1ae1/tabulate-0.9.0.tar.gz", hash = "sha256:0095b12bf5966de529c0feb1fa08671671b3368eec77d7ef7ab114be2c068b3c", size = 81090, upload-time = "2022-10-06T17:21:48.54Z" }
wheels = [
    { url = "https://files.pythonhosted.org/packages/40/44/4a5f08c96eb108af5cb50b41f76142f0afa346dfa99d5296fe7202a11854/tabulate-0.9.0-py3-none-any.whl", hash = "sha256:024ca478df22e9340661486f85298cff5f6dcdba14f3813e8830015b9ed1948f", size = 35252, upload-time = "2022-10-06T17:21:44.262Z" },
]

[[package]]
name = "wrapt"
version = "1.17.3"
source = { registry = "https://pypi.org/simple" }
sdist = { url = "https://files.pythonhosted.org/packages/95/8f/aeb76c5b46e273670962298c23e7ddde79916cb74db802131d49a85e4b7d/wrapt-1.17.3.tar.gz", hash = "sha256:f66eb08feaa410fe4eebd17f2a2c8e2e46d3476e9f8c783daa8e09e0faa666d0", size = 55547, upload-time = "2025-08-12T05:53:21.714Z" }
wheels = [
    { url = "https://files.pythonhosted.org/packages/52/db/00e2a219213856074a213503fdac0511203dceefff26e1daa15250cc01a0/wrapt-1.17.3-cp311-cp311-macosx_10_9_universal2.whl", hash = "sha256:273a736c4645e63ac582c60a56b0acb529ef07f78e08dc6bfadf6a46b19c0da7", size = 53482, upload-time = "2025-08-12T05:51:45.79Z" },
    { url = "https://files.pythonhosted.org/packages/5e/30/ca3c4a5eba478408572096fe9ce36e6e915994dd26a4e9e98b4f729c06d9/wrapt-1.17.3-cp311-cp311-macosx_10_9_x86_64.whl", hash = "sha256:5531d911795e3f935a9c23eb1c8c03c211661a5060aab167065896bbf62a5f85", size = 38674, upload-time = "2025-08-12T05:51:34.629Z" },
    { url = "https://files.pythonhosted.org/packages/31/25/3e8cc2c46b5329c5957cec959cb76a10718e1a513309c31399a4dad07eb3/wrapt-1.17.3-cp311-cp311-macosx_11_0_arm64.whl", hash = "sha256:0610b46293c59a3adbae3dee552b648b984176f8562ee0dba099a56cfbe4df1f", size = 38959, upload-time = "2025-08-12T05:51:56.074Z" },
    { url = "https://files.pythonhosted.org/packages/5d/8f/a32a99fc03e4b37e31b57cb9cefc65050ea08147a8ce12f288616b05ef54/wrapt-1.17.3-cp311-cp311-manylinux1_x86_64.manylinux_2_28_x86_64.manylinux_2_5_x86_64.whl", hash = "sha256:b32888aad8b6e68f83a8fdccbf3165f5469702a7544472bdf41f582970ed3311", size = 82376, upload-time = "2025-08-12T05:52:32.134Z" },
    { url = "https://files.pythonhosted.org/packages/31/57/4930cb8d9d70d59c27ee1332a318c20291749b4fba31f113c2f8ac49a72e/wrapt-1.17.3-cp311-cp311-manylinux2014_aarch64.manylinux_2_17_aarch64.manylinux_2_28_aarch64.whl", hash = "sha256:8cccf4f81371f257440c88faed6b74f1053eef90807b77e31ca057b2db74edb1", size = 83604, upload-time = "2025-08-12T05:52:11.663Z" },
    { url = "https://files.pythonhosted.org/packages/a8/f3/1afd48de81d63dd66e01b263a6fbb86e1b5053b419b9b33d13e1f6d0f7d0/wrapt-1.17.3-cp311-cp311-musllinux_1_2_aarch64.whl", hash = "sha256:d8a210b158a34164de8bb68b0e7780041a903d7b00c87e906fb69928bf7890d5", size = 82782, upload-time = "2025-08-12T05:52:12.626Z" },
    { url = "https://files.pythonhosted.org/packages/1e/d7/4ad5327612173b144998232f98a85bb24b60c352afb73bc48e3e0d2bdc4e/wrapt-1.17.3-cp311-cp311-musllinux_1_2_x86_64.whl", hash = "sha256:79573c24a46ce11aab457b472efd8d125e5a51da2d1d24387666cd85f54c05b2", size = 82076, upload-time = "2025-08-12T05:52:33.168Z" },
    { url = "https://files.pythonhosted.org/packages/bb/59/e0adfc831674a65694f18ea6dc821f9fcb9ec82c2ce7e3d73a88ba2e8718/wrapt-1.17.3-cp311-cp311-win32.whl", hash = "sha256:c31eebe420a9a5d2887b13000b043ff6ca27c452a9a22fa71f35f118e8d4bf89", size = 36457, upload-time = "2025-08-12T05:53:03.936Z" },
    { url = "https://files.pythonhosted.org/packages/83/88/16b7231ba49861b6f75fc309b11012ede4d6b0a9c90969d9e0db8d991aeb/wrapt-1.17.3-cp311-cp311-win_amd64.whl", hash = "sha256:0b1831115c97f0663cb77aa27d381237e73ad4f721391a9bfb2fe8bc25fa6e77", size = 38745, upload-time = "2025-08-12T05:53:02.885Z" },
    { url = "https://files.pythonhosted.org/packages/9a/1e/c4d4f3398ec073012c51d1c8d87f715f56765444e1a4b11e5180577b7e6e/wrapt-1.17.3-cp311-cp311-win_arm64.whl", hash = "sha256:5a7b3c1ee8265eb4c8f1b7d29943f195c00673f5ab60c192eba2d4a7eae5f46a", size = 36806, upload-time = "2025-08-12T05:52:53.368Z" },
    { url = "https://files.pythonhosted.org/packages/9f/41/cad1aba93e752f1f9268c77270da3c469883d56e2798e7df6240dcb2287b/wrapt-1.17.3-cp312-cp312-macosx_10_13_universal2.whl", hash = "sha256:ab232e7fdb44cdfbf55fc3afa31bcdb0d8980b9b95c38b6405df2acb672af0e0", size = 53998, upload-time = "2025-08-12T05:51:47.138Z" },
    { url = "https://files.pythonhosted.org/packages/60/f8/096a7cc13097a1869fe44efe68dace40d2a16ecb853141394047f0780b96/wrapt-1.17.3-cp312-cp312-macosx_10_13_x86_64.whl", hash = "sha256:9baa544e6acc91130e926e8c802a17f3b16fbea0fd441b5a60f5cf2cc5c3deba", size = 39020, upload-time = "2025-08-12T05:51:35.906Z" },
    { url = "https://files.pythonhosted.org/packages/33/df/bdf864b8997aab4febb96a9ae5c124f700a5abd9b5e13d2a3214ec4be705/wrapt-1.17.3-cp312-cp312-macosx_11_0_arm64.whl", hash = "sha256:6b538e31eca1a7ea4605e44f81a48aa24c4632a277431a6ed3f328835901f4fd", size = 39098, upload-time = "2025-08-12T05:51:57.474Z" },
    { url = "https://files.pythonhosted.org/packages/9f/81/5d931d78d0eb732b95dc3ddaeeb71c8bb572fb01356e9133916cd729ecdd/wrapt-1.17.3-cp312-cp312-manylinux1_x86_64.manylinux_2_28_x86_64.manylinux_2_5_x86_64.whl", hash = "sha256:042ec3bb8f319c147b1301f2393bc19dba6e176b7da446853406d041c36c7828", size = 88036, upload-time = "2025-08-12T05:52:34.784Z" },
    { url = "https://files.pythonhosted.org/packages/ca/38/2e1785df03b3d72d34fc6252d91d9d12dc27a5c89caef3335a1bbb8908ca/wrapt-1.17.3-cp312-cp312-manylinux2014_aarch64.manylinux_2_17_aarch64.manylinux_2_28_aarch64.whl", hash = "sha256:3af60380ba0b7b5aeb329bc4e402acd25bd877e98b3727b0135cb5c2efdaefe9", size = 88156, upload-time = "2025-08-12T05:52:13.599Z" },
    { url = "https://files.pythonhosted.org/packages/b3/8b/48cdb60fe0603e34e05cffda0b2a4adab81fd43718e11111a4b0100fd7c1/wrapt-1.17.3-cp312-cp312-musllinux_1_2_aarch64.whl", hash = "sha256:0b02e424deef65c9f7326d8c19220a2c9040c51dc165cddb732f16198c168396", size = 87102, upload-time = "2025-08-12T05:52:14.56Z" },
    { url = "https://files.pythonhosted.org/packages/3c/51/d81abca783b58f40a154f1b2c56db1d2d9e0d04fa2d4224e357529f57a57/wrapt-1.17.3-cp312-cp312-musllinux_1_2_x86_64.whl", hash = "sha256:74afa28374a3c3a11b3b5e5fca0ae03bef8450d6aa3ab3a1e2c30e3a75d023dc", size = 87732, upload-time = "2025-08-12T05:52:36.165Z" },
    { url = "https://files.pythonhosted.org/packages/9e/b1/43b286ca1392a006d5336412d41663eeef1ad57485f3e52c767376ba7e5a/wrapt-1.17.3-cp312-cp312-win32.whl", hash = "sha256:4da9f45279fff3543c371d5ababc57a0384f70be244de7759c85a7f989cb4ebe", size = 36705, upload-time = "2025-08-12T05:53:07.123Z" },
    { url = "https://files.pythonhosted.org/packages/28/de/49493f962bd3c586ab4b88066e967aa2e0703d6ef2c43aa28cb83bf7b507/wrapt-1.17.3-cp312-cp312-win_amd64.whl", hash = "sha256:e71d5c6ebac14875668a1e90baf2ea0ef5b7ac7918355850c0908ae82bcb297c", size = 38877, upload-time = "2025-08-12T05:53:05.436Z" },
    { url = "https://files.pythonhosted.org/packages/f1/48/0f7102fe9cb1e8a5a77f80d4f0956d62d97034bbe88d33e94699f99d181d/wrapt-1.17.3-cp312-cp312-win_arm64.whl", hash = "sha256:604d076c55e2fdd4c1c03d06dc1a31b95130010517b5019db15365ec4a405fc6", size = 36885, upload-time = "2025-08-12T05:52:54.367Z" },
    { url = "https://files.pythonhosted.org/packages/fc/f6/759ece88472157acb55fc195e5b116e06730f1b651b5b314c66291729193/wrapt-1.17.3-cp313-cp313-macosx_10_13_universal2.whl", hash = "sha256:a47681378a0439215912ef542c45a783484d4dd82bac412b71e59cf9c0e1cea0", size = 54003, upload-time = "2025-08-12T05:51:48.627Z" },
    { url = "https://files.pythonhosted.org/packages/4f/a9/49940b9dc6d47027dc850c116d79b4155f15c08547d04db0f07121499347/wrapt-1.17.3-cp313-cp313-macosx_10_13_x86_64.whl", hash = "sha256:54a30837587c6ee3cd1a4d1c2ec5d24e77984d44e2f34547e2323ddb4e22eb77", size = 39025, upload-time = "2025-08-12T05:51:37.156Z" },
    { url = "https://files.pythonhosted.org/packages/45/35/6a08de0f2c96dcdd7fe464d7420ddb9a7655a6561150e5fc4da9356aeaab/wrapt-1.17.3-cp313-cp313-macosx_11_0_arm64.whl", hash = "sha256:16ecf15d6af39246fe33e507105d67e4b81d8f8d2c6598ff7e3ca1b8a37213f7", size = 39108, upload-time = "2025-08-12T05:51:58.425Z" },
    { url = "https://files.pythonhosted.org/packages/0c/37/6faf15cfa41bf1f3dba80cd3f5ccc6622dfccb660ab26ed79f0178c7497f/wrapt-1.17.3-cp313-cp313-manylinux1_x86_64.manylinux_2_28_x86_64.manylinux_2_5_x86_64.whl", hash = "sha256:6fd1ad24dc235e4ab88cda009e19bf347aabb975e44fd5c2fb22a3f6e4141277", size = 88072, upload-time = "2025-08-12T05:52:37.53Z" },
    { url = "https://files.pythonhosted.org/packages/78/f2/efe19ada4a38e4e15b6dff39c3e3f3f73f5decf901f66e6f72fe79623a06/wrapt-1.17.3-cp313-cp313-manylinux2014_aarch64.manylinux_2_17_aarch64.manylinux_2_28_aarch64.whl", hash = "sha256:0ed61b7c2d49cee3c027372df5809a59d60cf1b6c2f81ee980a091f3afed6a2d", size = 88214, upload-time = "2025-08-12T05:52:15.886Z" },
    { url = "https://files.pythonhosted.org/packages/40/90/ca86701e9de1622b16e09689fc24b76f69b06bb0150990f6f4e8b0eeb576/wrapt-1.17.3-cp313-cp313-musllinux_1_2_aarch64.whl", hash = "sha256:423ed5420ad5f5529db9ce89eac09c8a2f97da18eb1c870237e84c5a5c2d60aa", size = 87105, upload-time = "2025-08-12T05:52:17.914Z" },
    { url = "https://files.pythonhosted.org/packages/fd/e0/d10bd257c9a3e15cbf5523025252cc14d77468e8ed644aafb2d6f54cb95d/wrapt-1.17.3-cp313-cp313-musllinux_1_2_x86_64.whl", hash = "sha256:e01375f275f010fcbf7f643b4279896d04e571889b8a5b3f848423d91bf07050", size = 87766, upload-time = "2025-08-12T05:52:39.243Z" },
    { url = "https://files.pythonhosted.org/packages/e8/cf/7d848740203c7b4b27eb55dbfede11aca974a51c3d894f6cc4b865f42f58/wrapt-1.17.3-cp313-cp313-win32.whl", hash = "sha256:53e5e39ff71b3fc484df8a522c933ea2b7cdd0d5d15ae82e5b23fde87d44cbd8", size = 36711, upload-time = "2025-08-12T05:53:10.074Z" },
    { url = "https://files.pythonhosted.org/packages/57/54/35a84d0a4d23ea675994104e667ceff49227ce473ba6a59ba2c84f250b74/wrapt-1.17.3-cp313-cp313-win_amd64.whl", hash = "sha256:1f0b2f40cf341ee8cc1a97d51ff50dddb9fcc73241b9143ec74b30fc4f44f6cb", size = 38885, upload-time = "2025-08-12T05:53:08.695Z" },
    { url = "https://files.pythonhosted.org/packages/01/77/66e54407c59d7b02a3c4e0af3783168fff8e5d61def52cda8728439d86bc/wrapt-1.17.3-cp313-cp313-win_arm64.whl", hash = "sha256:7425ac3c54430f5fc5e7b6f41d41e704db073309acfc09305816bc6a0b26bb16", size = 36896, upload-time = "2025-08-12T05:52:55.34Z" },
    { url = "https://files.pythonhosted.org/packages/02/a2/cd864b2a14f20d14f4c496fab97802001560f9f41554eef6df201cd7f76c/wrapt-1.17.3-cp314-cp314-macosx_10_13_universal2.whl", hash = "sha256:cf30f6e3c077c8e6a9a7809c94551203c8843e74ba0c960f4a98cd80d4665d39", size = 54132, upload-time = "2025-08-12T05:51:49.864Z" },
    { url = "https://files.pythonhosted.org/packages/d5/46/d011725b0c89e853dc44cceb738a307cde5d240d023d6d40a82d1b4e1182/wrapt-1.17.3-cp314-cp314-macosx_10_13_x86_64.whl", hash = "sha256:e228514a06843cae89621384cfe3a80418f3c04aadf8a3b14e46a7be704e4235", size = 39091, upload-time = "2025-08-12T05:51:38.935Z" },
    { url = "https://files.pythonhosted.org/packages/2e/9e/3ad852d77c35aae7ddebdbc3b6d35ec8013af7d7dddad0ad911f3d891dae/wrapt-1.17.3-cp314-cp314-macosx_11_0_arm64.whl", hash = "sha256:5ea5eb3c0c071862997d6f3e02af1d055f381b1d25b286b9d6644b79db77657c", size = 39172, upload-time = "2025-08-12T05:51:59.365Z" },
    { url = "https://files.pythonhosted.org/packages/c3/f7/c983d2762bcce2326c317c26a6a1e7016f7eb039c27cdf5c4e30f4160f31/wrapt-1.17.3-cp314-cp314-manylinux1_x86_64.manylinux_2_28_x86_64.manylinux_2_5_x86_64.whl", hash = "sha256:281262213373b6d5e4bb4353bc36d1ba4084e6d6b5d242863721ef2bf2c2930b", size = 87163, upload-time = "2025-08-12T05:52:40.965Z" },
    { url = "https://files.pythonhosted.org/packages/e4/0f/f673f75d489c7f22d17fe0193e84b41540d962f75fce579cf6873167c29b/wrapt-1.17.3-cp314-cp314-manylinux2014_aarch64.manylinux_2_17_aarch64.manylinux_2_28_aarch64.whl", hash = "sha256:dc4a8d2b25efb6681ecacad42fca8859f88092d8732b170de6a5dddd80a1c8fa", size = 87963, upload-time = "2025-08-12T05:52:20.326Z" },
    { url = "https://files.pythonhosted.org/packages/df/61/515ad6caca68995da2fac7a6af97faab8f78ebe3bf4f761e1b77efbc47b5/wrapt-1.17.3-cp314-cp314-musllinux_1_2_aarch64.whl", hash = "sha256:373342dd05b1d07d752cecbec0c41817231f29f3a89aa8b8843f7b95992ed0c7", size = 86945, upload-time = "2025-08-12T05:52:21.581Z" },
    { url = "https://files.pythonhosted.org/packages/d3/bd/4e70162ce398462a467bc09e768bee112f1412e563620adc353de9055d33/wrapt-1.17.3-cp314-cp314-musllinux_1_2_x86_64.whl", hash = "sha256:d40770d7c0fd5cbed9d84b2c3f2e156431a12c9a37dc6284060fb4bec0b7ffd4", size = 86857, upload-time = "2025-08-12T05:52:43.043Z" },
    { url = "https://files.pythonhosted.org/packages/2b/b8/da8560695e9284810b8d3df8a19396a6e40e7518059584a1a394a2b35e0a/wrapt-1.17.3-cp314-cp314-win32.whl", hash = "sha256:fbd3c8319de8e1dc79d346929cd71d523622da527cca14e0c1d257e31c2b8b10", size = 37178, upload-time = "2025-08-12T05:53:12.605Z" },
    { url = "https://files.pythonhosted.org/packages/db/c8/b71eeb192c440d67a5a0449aaee2310a1a1e8eca41676046f99ed2487e9f/wrapt-1.17.3-cp314-cp314-win_amd64.whl", hash = "sha256:e1a4120ae5705f673727d3253de3ed0e016f7cd78dc463db1b31e2463e1f3cf6", size = 39310, upload-time = "2025-08-12T05:53:11.106Z" },
    { url = "https://files.pythonhosted.org/packages/45/20/2cda20fd4865fa40f86f6c46ed37a2a8356a7a2fde0773269311f2af56c7/wrapt-1.17.3-cp314-cp314-win_arm64.whl", hash = "sha256:507553480670cab08a800b9463bdb881b2edeed77dc677b0a5915e6106e91a58", size = 37266, upload-time = "2025-08-12T05:52:56.531Z" },
    { url = "https://files.pythonhosted.org/packages/77/ed/dd5cf21aec36c80443c6f900449260b80e2a65cf963668eaef3b9accce36/wrapt-1.17.3-cp314-cp314t-macosx_10_13_universal2.whl", hash = "sha256:ed7c635ae45cfbc1a7371f708727bf74690daedc49b4dba310590ca0bd28aa8a", size = 56544, upload-time = "2025-08-12T05:51:51.109Z" },
    { url = "https://files.pythonhosted.org/packages/8d/96/450c651cc753877ad100c7949ab4d2e2ecc4d97157e00fa8f45df682456a/wrapt-1.17.3-cp314-cp314t-macosx_10_13_x86_64.whl", hash = "sha256:249f88ed15503f6492a71f01442abddd73856a0032ae860de6d75ca62eed8067", size = 40283, upload-time = "2025-08-12T05:51:39.912Z" },
    { url = "https://files.pythonhosted.org/packages/d1/86/2fcad95994d9b572db57632acb6f900695a648c3e063f2cd344b3f5c5a37/wrapt-1.17.3-cp314-cp314t-macosx_11_0_arm64.whl", hash = "sha256:5a03a38adec8066d5a37bea22f2ba6bbf39fcdefbe2d91419ab864c3fb515454", size = 40366, upload-time = "2025-08-12T05:52:00.693Z" },
    { url = "https://files.pythonhosted.org/packages/64/0e/f4472f2fdde2d4617975144311f8800ef73677a159be7fe61fa50997d6c0/wrapt-1.17.3-cp314-cp314t-manylinux1_x86_64.manylinux_2_28_x86_64.manylinux_2_5_x86_64.whl", hash = "sha256:5d4478d72eb61c36e5b446e375bbc49ed002430d17cdec3cecb36993398e1a9e", size = 108571, upload-time = "2025-08-12T05:52:44.521Z" },
    { url = "https://files.pythonhosted.org/packages/cc/01/9b85a99996b0a97c8a17484684f206cbb6ba73c1ce6890ac668bcf3838fb/wrapt-1.17.3-cp314-cp314t-manylinux2014_aarch64.manylinux_2_17_aarch64.manylinux_2_28_aarch64.whl", hash = "sha256:223db574bb38637e8230eb14b185565023ab624474df94d2af18f1cdb625216f", size = 113094, upload-time = "2025-08-12T05:52:22.618Z" },
    { url = "https://files.pythonhosted.org/packages/25/02/78926c1efddcc7b3aa0bc3d6b33a822f7d898059f7cd9ace8c8318e559ef/wrapt-1.17.3-cp314-cp314t-musllinux_1_2_aarch64.whl", hash = "sha256:e405adefb53a435f01efa7ccdec012c016b5a1d3f35459990afc39b6be4d5056", size = 110659, upload-time = "2025-08-12T05:52:24.057Z" },
    { url = "https://files.pythonhosted.org/packages/dc/ee/c414501ad518ac3e6fe184753632fe5e5ecacdcf0effc23f31c1e4f7bfcf/wrapt-1.17.3-cp314-cp314t-musllinux_1_2_x86_64.whl", hash = "sha256:88547535b787a6c9ce4086917b6e1d291aa8ed914fdd3a838b3539dc95c12804", size = 106946, upload-time = "2025-08-12T05:52:45.976Z" },
    { url = "https://files.pythonhosted.org/packages/be/44/a1bd64b723d13bb151d6cc91b986146a1952385e0392a78567e12149c7b4/wrapt-1.17.3-cp314-cp314t-win32.whl", hash = "sha256:41b1d2bc74c2cac6f9074df52b2efbef2b30bdfe5f40cb78f8ca22963bc62977", size = 38717, upload-time = "2025-08-12T05:53:15.214Z" },
    { url = "https://files.pythonhosted.org/packages/79/d9/7cfd5a312760ac4dd8bf0184a6ee9e43c33e47f3dadc303032ce012b8fa3/wrapt-1.17.3-cp314-cp314t-win_amd64.whl", hash = "sha256:73d496de46cd2cdbdbcce4ae4bcdb4afb6a11234a1df9c085249d55166b95116", size = 41334, upload-time = "2025-08-12T05:53:14.178Z" },
    { url = "https://files.pythonhosted.org/packages/46/78/10ad9781128ed2f99dbc474f43283b13fea8ba58723e98844367531c18e9/wrapt-1.17.3-cp314-cp314t-win_arm64.whl", hash = "sha256:f38e60678850c42461d4202739f9bf1e3a737c7ad283638251e79cc49effb6b6", size = 38471, upload-time = "2025-08-12T05:52:57.784Z" },
    { url = "https://files.pythonhosted.org/packages/1f/f6/a933bd70f98e9cf3e08167fc5cd7aaaca49147e48411c0bd5ae701bb2194/wrapt-1.17.3-py3-none-any.whl", hash = "sha256:7171ae35d2c33d326ac19dd8facb1e82e5fd04ef8c6c0e394d7af55a55051c22", size = 23591, upload-time = "2025-08-12T05:53:20.674Z" },
]
